
Microsoft Visual Studio Solution File, Format Version 12.00
# Visual Studio 14
VisualStudioVersion = 14.0.25123.0
MinimumVisualStudioVersion = 10.0.40219.1
Project("{343BB349-DA98-4961-9652-0C9AEA07B6BC}") = "Sitecore.Support.185678", "Sitecore.Support.185678\Sitecore.Support.185678.csproj", "{58A78A07-9D98-45CD-9AD7-8D749E877293}"
EndProject
Global
	GlobalSection(SolutionConfigurationPlatforms) = preSolution
		Debug|Any CPU = Debug|Any CPU
		Release|Any CPU = Release|Any CPU
	EndGlobalSection
	GlobalSection(ProjectConfigurationPlatforms) = postSolution
		{58A78A07-9D98-45CD-9AD7-8D749E877293}.Debug|Any CPU.ActiveCfg = Debug|Any CPU
		{58A78A07-9D98-45CD-9AD7-8D749E877293}.Debug|Any CPU.Build.0 = Debug|Any CPU
		{58A78A07-9D98-45CD-9AD7-8D749E877293}.Release|Any CPU.ActiveCfg = Release|Any CPU
		{58A78A07-9D98-45CD-9AD7-8D749E877293}.Release|Any CPU.Build.0 = Release|Any CPU
	EndGlobalSection
	GlobalSection(SolutionProperties) = preSolution
		HideSolutionNode = FALSE
	EndGlobalSection
EndGlobal
